
Microsoft Visual Studio Solution File, Format Version 12.00
# Visual Studio Version 17
VisualStudioVersion = 17.13.35913.81
MinimumVisualStudioVersion = 10.0.40219.1
Project("{2150E333-8FDC-42A3-9474-1A3956D46DE8}") = "BackEnd", "BackEnd", "{56725125-C6E2-49D8-8491-D71D7404CB0B}"
EndProject
Project("{2150E333-8FDC-42A3-9474-1A3956D46DE8}") = "Shared", "Shared", "{3661ABEC-F562-41A0-9D65-8C335E37C705}"
EndProject
Project("{FAE04EC0-301F-11D3-BF4B-00C04F79EFBC}") = "GestionTrunos.BackEnd.API", "BackEnd\GestionTrunos.BackEnd.API\GestionTrunos.BackEnd.API.csproj", "{1FFD2461-6084-4E99-8E8E-389806AB0853}"
EndProject
Project("{FAE04EC0-301F-11D3-BF4B-00C04F79EFBC}") = "GestionTurnos.BackEnd.Model", "BackEnd\GestionTurnos.BackEnd.Model\GestionTurnos.BackEnd.Model.csproj", "{B8B890E6-160E-43C7-8F5B-795729430B7F}"
EndProject
Project("{FAE04EC0-301F-11D3-BF4B-00C04F79EFBC}") = "GestionTurnos.BackEnd.Data", "BackEnd\GestionTurnos.BackEnd.Data\GestionTurnos.BackEnd.Data.csproj", "{078EAE46-B9C6-4E71-906D-9B189A164433}"
EndProject
Project("{FAE04EC0-301F-11D3-BF4B-00C04F79EFBC}") = "GestionTurnos.BackEnd.Service", "BackEnd\GestionTurnos.BackEnd.Service\GestionTurnos.BackEnd.Service.csproj", "{19F56810-9232-4EDB-910A-C8D840B0DAD3}"
EndProject
Project("{FAE04EC0-301F-11D3-BF4B-00C04F79EFBC}") = "GestionTurnos.BackEnd.ServiceDependencies", "BackEnd\GestionTurnos.BackEnd.ServiceDependencies\GestionTurnos.BackEnd.ServiceDependencies.csproj", "{0683D9BC-A70F-40C2-A14C-54799AE9C510}"
EndProject
Project("{FAE04EC0-301F-11D3-BF4B-00C04F79EFBC}") = "Shared.DTO", "Shared\Shared.DTO\Shared.DTO.csproj", "{373F4FA2-71B9-43AA-BEBB-A6B8ED2FD2F0}"
EndProject
Global
	GlobalSection(SolutionConfigurationPlatforms) = preSolution
		Debug|Any CPU = Debug|Any CPU
		Release|Any CPU = Release|Any CPU
	EndGlobalSection
	GlobalSection(ProjectConfigurationPlatforms) = postSolution
		{1FFD2461-6084-4E99-8E8E-389806AB0853}.Debug|Any CPU.ActiveCfg = Debug|Any CPU
		{1FFD2461-6084-4E99-8E8E-389806AB0853}.Debug|Any CPU.Build.0 = Debug|Any CPU
		{1FFD2461-6084-4E99-8E8E-389806AB0853}.Release|Any CPU.ActiveCfg = Release|Any CPU
		{1FFD2461-6084-4E99-8E8E-389806AB0853}.Release|Any CPU.Build.0 = Release|Any CPU
		{B8B890E6-160E-43C7-8F5B-795729430B7F}.Debug|Any CPU.ActiveCfg = Debug|Any CPU
		{B8B890E6-160E-43C7-8F5B-795729430B7F}.Debug|Any CPU.Build.0 = Debug|Any CPU
		{B8B890E6-160E-43C7-8F5B-795729430B7F}.Release|Any CPU.ActiveCfg = Release|Any CPU
		{B8B890E6-160E-43C7-8F5B-795729430B7F}.Release|Any CPU.Build.0 = Release|Any CPU
		{078EAE46-B9C6-4E71-906D-9B189A164433}.Debug|Any CPU.ActiveCfg = Debug|Any CPU
		{078EAE46-B9C6-4E71-906D-9B189A164433}.Debug|Any CPU.Build.0 = Debug|Any CPU
		{078EAE46-B9C6-4E71-906D-9B189A164433}.Release|Any CPU.ActiveCfg = Release|Any CPU
		{078EAE46-B9C6-4E71-906D-9B189A164433}.Release|Any CPU.Build.0 = Release|Any CPU
		{19F56810-9232-4EDB-910A-C8D840B0DAD3}.Debug|Any CPU.ActiveCfg = Debug|Any CPU
		{19F56810-9232-4EDB-910A-C8D840B0DAD3}.Debug|Any CPU.Build.0 = Debug|Any CPU
		{19F56810-9232-4EDB-910A-C8D840B0DAD3}.Release|Any CPU.ActiveCfg = Release|Any CPU
		{19F56810-9232-4EDB-910A-C8D840B0DAD3}.Release|Any CPU.Build.0 = Release|Any CPU
		{0683D9BC-A70F-40C2-A14C-54799AE9C510}.Debug|Any CPU.ActiveCfg = Debug|Any CPU
		{0683D9BC-A70F-40C2-A14C-54799AE9C510}.Debug|Any CPU.Build.0 = Debug|Any CPU
		{0683D9BC-A70F-40C2-A14C-54799AE9C510}.Release|Any CPU.ActiveCfg = Release|Any CPU
		{0683D9BC-A70F-40C2-A14C-54799AE9C510}.Release|Any CPU.Build.0 = Release|Any CPU
		{373F4FA2-71B9-43AA-BEBB-A6B8ED2FD2F0}.Debug|Any CPU.ActiveCfg = Debug|Any CPU
		{373F4FA2-71B9-43AA-BEBB-A6B8ED2FD2F0}.Debug|Any CPU.Build.0 = Debug|Any CPU
		{373F4FA2-71B9-43AA-BEBB-A6B8ED2FD2F0}.Release|Any CPU.ActiveCfg = Release|Any CPU
		{373F4FA2-71B9-43AA-BEBB-A6B8ED2FD2F0}.Release|Any CPU.Build.0 = Release|Any CPU
	EndGlobalSection
	GlobalSection(SolutionProperties) = preSolution
		HideSolutionNode = FALSE
	EndGlobalSection
	GlobalSection(NestedProjects) = preSolution
		{1FFD2461-6084-4E99-8E8E-389806AB0853} = {56725125-C6E2-49D8-8491-D71D7404CB0B}
		{B8B890E6-160E-43C7-8F5B-795729430B7F} = {56725125-C6E2-49D8-8491-D71D7404CB0B}
		{078EAE46-B9C6-4E71-906D-9B189A164433} = {56725125-C6E2-49D8-8491-D71D7404CB0B}
		{19F56810-9232-4EDB-910A-C8D840B0DAD3} = {56725125-C6E2-49D8-8491-D71D7404CB0B}
		{0683D9BC-A70F-40C2-A14C-54799AE9C510} = {56725125-C6E2-49D8-8491-D71D7404CB0B}
		{373F4FA2-71B9-43AA-BEBB-A6B8ED2FD2F0} = {3661ABEC-F562-41A0-9D65-8C335E37C705}
	EndGlobalSection
EndGlobal
